# THIS IS AN AUTOGENERATED FILE. DO NOT EDIT THIS FILE DIRECTLY.
# yarn lockfile v1


mobx-react-lite@1.4.0:
  version "1.4.0"
  resolved "https://registry.yarnpkg.com/mobx-react-lite/-/mobx-react-lite-1.4.0.tgz#193beb5fdddf17ae61542f65ff951d84db402351"
  integrity sha512-5xCuus+QITQpzKOjAOIQ/YxNhOl/En+PlNJF+5QU4Qxn9gnNMJBbweAdEW3HnuVQbfqDYEUnkGs5hmkIIStehg==

mobx-react@^6.1.3:
  version "6.1.3"
  resolved "https://registry.yarnpkg.com/mobx-react/-/mobx-react-6.1.3.tgz#ad07880ea60cdcdb2a7e2a0d54e01379710cf00a"
  integrity sha512-eT/jO9dYIoB1AlZwI2VC3iX0gPOeOIqZsiwg7tDJV1B7Z69h+TZZL3dgOE0UeS2zoHhGeKbP+K+OLeLMnnkGnA==
  dependencies:
    mobx-react-lite "1.4.0"

mobx@^5.14.0:
  version "5.14.0"
  resolved "https://registry.yarnpkg.com/mobx/-/mobx-5.14.0.tgz#357c1023aca2851df357fa0cb9a6eaaab3a57793"
  integrity sha512-GhDSZV9rGlCeVBpFPVYaYSn7UjgkD3158Njailp4IJhKqbT5iiEtiRyr76b7gPj3wpUSl+NHREQqBXzc1I8jpQ==
